
Microsoft Visual Studio Solution File, Format Version 12.00
# Visual Studio 15
VisualStudioVersion = 15.0.27703.2042
MinimumVisualStudioVersion = 10.0.40219.1
Project("{8BC9CEB8-8B4A-11D0-8D11-00A0C91BC942}") = "pointerAndArrayChar", "pointerAndArrayChar\pointerAndArrayChar.vcxproj", "{082C2D99-9A75-4FA1-A106-5C850CC25365}"
EndProject
Global
	GlobalSection(SolutionConfigurationPlatforms) = preSolution
		Debug|x64 = Debug|x64
		Debug|x86 = Debug|x86
		Release|x64 = Release|x64
		Release|x86 = Release|x86
	EndGlobalSection
	GlobalSection(ProjectConfigurationPlatforms) = postSolution
		{082C2D99-9A75-4FA1-A106-5C850CC25365}.Debug|x64.ActiveCfg = Debug|x64
		{082C2D99-9A75-4FA1-A106-5C850CC25365}.Debug|x64.Build.0 = Debug|x64
		{082C2D99-9A75-4FA1-A106-5C850CC25365}.Debug|x86.ActiveCfg = Debug|Win32
		{082C2D99-9A75-4FA1-A106-5C850CC25365}.Debug|x86.Build.0 = Debug|Win32
		{082C2D99-9A75-4FA1-A106-5C850CC25365}.Release|x64.ActiveCfg = Release|x64
		{082C2D99-9A75-4FA1-A106-5C850CC25365}.Release|x64.Build.0 = Release|x64
		{082C2D99-9A75-4FA1-A106-5C850CC25365}.Release|x86.ActiveCfg = Release|Win32
		{082C2D99-9A75-4FA1-A106-5C850CC25365}.Release|x86.Build.0 = Release|Win32
	EndGlobalSection
	GlobalSection(SolutionProperties) = preSolution
		HideSolutionNode = FALSE
	EndGlobalSection
	GlobalSection(ExtensibilityGlobals) = postSolution
		SolutionGuid = {BD9F1119-5389-4C49-AC21-BB9B968046BF}
	EndGlobalSection
EndGlobal
